
Microsoft Visual Studio Solution File, Format Version 12.00
# Visual Studio Version 17
VisualStudioVersion = 17.14.36915.13 d17.14
MinimumVisualStudioVersion = 10.0.40219.1
Project("{FAE04EC0-301F-11D3-BF4B-00C04F79EFBC}") = "Final_Q2", "Final_Q2\Final_Q2.csproj", "{494877D6-61F2-4510-8244-C222E6AF759D}"
EndProject
Global
	GlobalSection(SolutionConfigurationPlatforms) = preSolution
		Debug|Any CPU = Debug|Any CPU
		Release|Any CPU = Release|Any CPU
	EndGlobalSection
	GlobalSection(ProjectConfigurationPlatforms) = postSolution
		{494877D6-61F2-4510-8244-C222E6AF759D}.Debug|Any CPU.ActiveCfg = Debug|Any CPU
		{494877D6-61F2-4510-8244-C222E6AF759D}.Debug|Any CPU.Build.0 = Debug|Any CPU
		{494877D6-61F2-4510-8244-C222E6AF759D}.Release|Any CPU.ActiveCfg = Release|Any CPU
		{494877D6-61F2-4510-8244-C222E6AF759D}.Release|Any CPU.Build.0 = Release|Any CPU
	EndGlobalSection
	GlobalSection(SolutionProperties) = preSolution
		HideSolutionNode = FALSE
	EndGlobalSection
	GlobalSection(ExtensibilityGlobals) = postSolution
		SolutionGuid = {45A982C0-28B7-4537-9018-16A94AFB0D73}
	EndGlobalSection
EndGlobal
