
Microsoft Visual Studio Solution File, Format Version 12.00
# Visual Studio Version 17
VisualStudioVersion = 17.14.36915.13 d17.14
MinimumVisualStudioVersion = 10.0.40219.1
Project("{FAE04EC0-301F-11D3-BF4B-00C04F79EFBC}") = "Review_Q3", "Review_Q3\Review_Q3.csproj", "{5C88E7EF-9B7D-44CD-BB47-273F3732D85E}"
EndProject
Global
	GlobalSection(SolutionConfigurationPlatforms) = preSolution
		Debug|Any CPU = Debug|Any CPU
		Release|Any CPU = Release|Any CPU
	EndGlobalSection
	GlobalSection(ProjectConfigurationPlatforms) = postSolution
		{5C88E7EF-9B7D-44CD-BB47-273F3732D85E}.Debug|Any CPU.ActiveCfg = Debug|Any CPU
		{5C88E7EF-9B7D-44CD-BB47-273F3732D85E}.Debug|Any CPU.Build.0 = Debug|Any CPU
		{5C88E7EF-9B7D-44CD-BB47-273F3732D85E}.Release|Any CPU.ActiveCfg = Release|Any CPU
		{5C88E7EF-9B7D-44CD-BB47-273F3732D85E}.Release|Any CPU.Build.0 = Release|Any CPU
	EndGlobalSection
	GlobalSection(SolutionProperties) = preSolution
		HideSolutionNode = FALSE
	EndGlobalSection
	GlobalSection(ExtensibilityGlobals) = postSolution
		SolutionGuid = {DF37CFD3-7A37-4148-988F-403BC5788B6A}
	EndGlobalSection
EndGlobal
