
Microsoft Visual Studio Solution File, Format Version 12.00
# Visual Studio Version 17
VisualStudioVersion = 17.14.36915.13 d17.14
MinimumVisualStudioVersion = 10.0.40219.1
Project("{FAE04EC0-301F-11D3-BF4B-00C04F79EFBC}") = "Final_Q1", "Final_Q1\Final_Q1.csproj", "{5789BF82-9640-42F4-8DE1-099D4758D7E1}"
EndProject
Global
	GlobalSection(SolutionConfigurationPlatforms) = preSolution
		Debug|Any CPU = Debug|Any CPU
		Release|Any CPU = Release|Any CPU
	EndGlobalSection
	GlobalSection(ProjectConfigurationPlatforms) = postSolution
		{5789BF82-9640-42F4-8DE1-099D4758D7E1}.Debug|Any CPU.ActiveCfg = Debug|Any CPU
		{5789BF82-9640-42F4-8DE1-099D4758D7E1}.Debug|Any CPU.Build.0 = Debug|Any CPU
		{5789BF82-9640-42F4-8DE1-099D4758D7E1}.Release|Any CPU.ActiveCfg = Release|Any CPU
		{5789BF82-9640-42F4-8DE1-099D4758D7E1}.Release|Any CPU.Build.0 = Release|Any CPU
	EndGlobalSection
	GlobalSection(SolutionProperties) = preSolution
		HideSolutionNode = FALSE
	EndGlobalSection
	GlobalSection(ExtensibilityGlobals) = postSolution
		SolutionGuid = {72CB4924-465D-4F5E-B6B6-E9C719AB56B4}
	EndGlobalSection
EndGlobal
