
Microsoft Visual Studio Solution File, Format Version 12.00
# Visual Studio Version 17
VisualStudioVersion = 17.14.36915.13 d17.14
MinimumVisualStudioVersion = 10.0.40219.1
Project("{FAE04EC0-301F-11D3-BF4B-00C04F79EFBC}") = "Review_Q2", "Review_Q2\Review_Q2.csproj", "{6380A073-2390-43D0-8163-5ACA918F4F97}"
EndProject
Global
	GlobalSection(SolutionConfigurationPlatforms) = preSolution
		Debug|Any CPU = Debug|Any CPU
		Release|Any CPU = Release|Any CPU
	EndGlobalSection
	GlobalSection(ProjectConfigurationPlatforms) = postSolution
		{6380A073-2390-43D0-8163-5ACA918F4F97}.Debug|Any CPU.ActiveCfg = Debug|Any CPU
		{6380A073-2390-43D0-8163-5ACA918F4F97}.Debug|Any CPU.Build.0 = Debug|Any CPU
		{6380A073-2390-43D0-8163-5ACA918F4F97}.Release|Any CPU.ActiveCfg = Release|Any CPU
		{6380A073-2390-43D0-8163-5ACA918F4F97}.Release|Any CPU.Build.0 = Release|Any CPU
	EndGlobalSection
	GlobalSection(SolutionProperties) = preSolution
		HideSolutionNode = FALSE
	EndGlobalSection
	GlobalSection(ExtensibilityGlobals) = postSolution
		SolutionGuid = {599A2D03-0E16-4596-9384-2088E66E5246}
	EndGlobalSection
EndGlobal
