
Microsoft Visual Studio Solution File, Format Version 12.00
# Visual Studio Version 17
VisualStudioVersion = 17.14.36915.13 d17.14
MinimumVisualStudioVersion = 10.0.40219.1
Project("{FAE04EC0-301F-11D3-BF4B-00C04F79EFBC}") = "Quiz_0507", "Quiz_0507\Quiz_0507.csproj", "{885516E3-4574-4837-89CF-35DA19495187}"
EndProject
Global
	GlobalSection(SolutionConfigurationPlatforms) = preSolution
		Debug|Any CPU = Debug|Any CPU
		Release|Any CPU = Release|Any CPU
	EndGlobalSection
	GlobalSection(ProjectConfigurationPlatforms) = postSolution
		{885516E3-4574-4837-89CF-35DA19495187}.Debug|Any CPU.ActiveCfg = Debug|Any CPU
		{885516E3-4574-4837-89CF-35DA19495187}.Debug|Any CPU.Build.0 = Debug|Any CPU
		{885516E3-4574-4837-89CF-35DA19495187}.Release|Any CPU.ActiveCfg = Release|Any CPU
		{885516E3-4574-4837-89CF-35DA19495187}.Release|Any CPU.Build.0 = Release|Any CPU
	EndGlobalSection
	GlobalSection(SolutionProperties) = preSolution
		HideSolutionNode = FALSE
	EndGlobalSection
	GlobalSection(ExtensibilityGlobals) = postSolution
		SolutionGuid = {EA281F0E-799C-41AC-9F2F-2FD64DA60800}
	EndGlobalSection
EndGlobal
